
Microsoft Visual Studio Solution File, Format Version 12.00
# Visual Studio Version 16
VisualStudioVersion = 16.0.30523.141
MinimumVisualStudioVersion = 10.0.40219.1
Project("{FAE04EC0-301F-11D3-BF4B-00C04F79EFBC}") = "SalonMgtSystem_Tejwant_7", "SalonMgtSystem_Tejwant_7\SalonMgtSystem_Tejwant_7.csproj", "{BC1E1CBC-8875-4447-B691-0FEEF6944408}"
EndProject
Global
	GlobalSection(SolutionConfigurationPlatforms) = preSolution
		Debug|Any CPU = Debug|Any CPU
		Release|Any CPU = Release|Any CPU
	EndGlobalSection
	GlobalSection(ProjectConfigurationPlatforms) = postSolution
		{BC1E1CBC-8875-4447-B691-0FEEF6944408}.Debug|Any CPU.ActiveCfg = Debug|Any CPU
		{BC1E1CBC-8875-4447-B691-0FEEF6944408}.Debug|Any CPU.Build.0 = Debug|Any CPU
		{BC1E1CBC-8875-4447-B691-0FEEF6944408}.Release|Any CPU.ActiveCfg = Release|Any CPU
		{BC1E1CBC-8875-4447-B691-0FEEF6944408}.Release|Any CPU.Build.0 = Release|Any CPU
	EndGlobalSection
	GlobalSection(SolutionProperties) = preSolution
		HideSolutionNode = FALSE
	EndGlobalSection
	GlobalSection(ExtensibilityGlobals) = postSolution
		SolutionGuid = {59F04A3F-FD4F-4289-8F2C-10D0A3021774}
	EndGlobalSection
EndGlobal
